// !$*UTF8*$!
{
	archiveVersion = 1;
	classes = {
	};
	objectVersion = 56;
	objects = {

/* Begin PBXBuildFile section */
		B44BA20E29F94AB300C59013 /* main.swift in Sources */ = {isa = PBXBuildFile; fileRef = B44BA20D29F94AB300C59013 /* main.swift */; };
		B44BA21529F94AE400C59013 /* B1.1.TongSoLe.swift in Sources */ = {isa = PBXBuildFile; fileRef = B44BA21429F94AE400C59013 /* B1.1.TongSoLe.swift */; };
		B44BA21729F94B8100C59013 /* B1.2.GiaTriLonNhatNhoNhat.swift in Sources */ = {isa = PBXBuildFile; fileRef = B44BA21629F94B8100C59013 /* B1.2.GiaTriLonNhatNhoNhat.swift */; };
		B4B7B31629FC3168006B00B9 /* B1.3.TimChuoi.swift in Sources */ = {isa = PBXBuildFile; fileRef = B4B7B31529FC3168006B00B9 /* B1.3.TimChuoi.swift */; };
		B4B7B31829FC34F4006B00B9 /* B1.4.TinhTong.swift in Sources */ = {isa = PBXBuildFile; fileRef = B4B7B31729FC34F4006B00B9 /* B1.4.TinhTong.swift */; };
		B4E79FA529FE9E9B007B76B1 /* B1.5.TinhTrungBinhCong.swift in Sources */ = {isa = PBXBuildFile; fileRef = B4E79FA429FE9E9B007B76B1 /* B1.5.TinhTrungBinhCong.swift */; };
		B4E79FA729FEA4CC007B76B1 /* B1.6.CacSoChanLonHon10.swift in Sources */ = {isa = PBXBuildFile; fileRef = B4E79FA629FEA4CC007B76B1 /* B1.6.CacSoChanLonHon10.swift */; };
		B4E79FA929FEA75C007B76B1 /* B1.7.ChuoiDoDaiLonHon5.swift in Sources */ = {isa = PBXBuildFile; fileRef = B4E79FA829FEA75C007B76B1 /* B1.7.ChuoiDoDaiLonHon5.swift */; };
		B4E79FAB29FEA8AF007B76B1 /* B1.8.ChuyenThanhChuoiInHoa.swift in Sources */ = {isa = PBXBuildFile; fileRef = B4E79FAA29FEA8AF007B76B1 /* B1.8.ChuyenThanhChuoiInHoa.swift */; };
		B4E79FAD29FEAA0A007B76B1 /* B1.9.LocSoNguyenTrongMang.swift in Sources */ = {isa = PBXBuildFile; fileRef = B4E79FAC29FEAA0A007B76B1 /* B1.9.LocSoNguyenTrongMang.swift */; };
		B4E79FAF29FED05A007B76B1 /* B1.10.BoiSoCua3Va5.swift in Sources */ = {isa = PBXBuildFile; fileRef = B4E79FAE29FED05A007B76B1 /* B1.10.BoiSoCua3Va5.swift */; };
		B4E79FDC2A04039F007B76B1 /* B2.1.DemSoLanXuatHien.swift in Sources */ = {isa = PBXBuildFile; fileRef = B4E79FDB2A04039F007B76B1 /* B2.1.DemSoLanXuatHien.swift */; };
		B4E79FDF2A04040A007B76B1 /* B2.2.DemSoLanXuatHienChuoi.swift in Sources */ = {isa = PBXBuildFile; fileRef = B4E79FDE2A04040A007B76B1 /* B2.2.DemSoLanXuatHienChuoi.swift */; };
		B4E79FE12A040439007B76B1 /* B2.3.TongCapSo.swift in Sources */ = {isa = PBXBuildFile; fileRef = B4E79FE02A040439007B76B1 /* B2.3.TongCapSo.swift */; };
		B4E79FE32A04068E007B76B1 /* B2.4.ChuyenSoThanhChu.swift in Sources */ = {isa = PBXBuildFile; fileRef = B4E79FE22A04068E007B76B1 /* B2.4.ChuyenSoThanhChu.swift */; };
/* End PBXBuildFile section */

/* Begin PBXCopyFilesBuildPhase section */
		B44BA20829F94AB300C59013 /* CopyFiles */ = {
			isa = PBXCopyFilesBuildPhase;
			buildActionMask = 2147483647;
			dstPath = /usr/share/man/man1/;
			dstSubfolderSpec = 0;
			files = (
			);
			runOnlyForDeploymentPostprocessing = 1;
		};
/* End PBXCopyFilesBuildPhase section */

/* Begin PBXFileReference section */
		B44BA20A29F94AB300C59013 /* iExcercise06-Array */ = {isa = PBXFileReference; explicitFileType = "compiled.mach-o.executable"; includeInIndex = 0; path = "iExcercise06-Array"; sourceTree = BUILT_PRODUCTS_DIR; };
		B44BA20D29F94AB300C59013 /* main.swift */ = {isa = PBXFileReference; lastKnownFileType = sourcecode.swift; path = main.swift; sourceTree = "<group>"; };
		B44BA21429F94AE400C59013 /* B1.1.TongSoLe.swift */ = {isa = PBXFileReference; lastKnownFileType = sourcecode.swift; path = B1.1.TongSoLe.swift; sourceTree = "<group>"; };
		B44BA21629F94B8100C59013 /* B1.2.GiaTriLonNhatNhoNhat.swift */ = {isa = PBXFileReference; lastKnownFileType = sourcecode.swift; path = B1.2.GiaTriLonNhatNhoNhat.swift; sourceTree = "<group>"; };
		B4B7B31529FC3168006B00B9 /* B1.3.TimChuoi.swift */ = {isa = PBXFileReference; lastKnownFileType = sourcecode.swift; path = B1.3.TimChuoi.swift; sourceTree = "<group>"; };
		B4B7B31729FC34F4006B00B9 /* B1.4.TinhTong.swift */ = {isa = PBXFileReference; lastKnownFileType = sourcecode.swift; path = B1.4.TinhTong.swift; sourceTree = "<group>"; };
		B4E79FA429FE9E9B007B76B1 /* B1.5.TinhTrungBinhCong.swift */ = {isa = PBXFileReference; lastKnownFileType = sourcecode.swift; path = B1.5.TinhTrungBinhCong.swift; sourceTree = "<group>"; };
		B4E79FA629FEA4CC007B76B1 /* B1.6.CacSoChanLonHon10.swift */ = {isa = PBXFileReference; lastKnownFileType = sourcecode.swift; path = B1.6.CacSoChanLonHon10.swift; sourceTree = "<group>"; };
		B4E79FA829FEA75C007B76B1 /* B1.7.ChuoiDoDaiLonHon5.swift */ = {isa = PBXFileReference; lastKnownFileType = sourcecode.swift; path = B1.7.ChuoiDoDaiLonHon5.swift; sourceTree = "<group>"; };
		B4E79FAA29FEA8AF007B76B1 /* B1.8.ChuyenThanhChuoiInHoa.swift */ = {isa = PBXFileReference; lastKnownFileType = sourcecode.swift; path = B1.8.ChuyenThanhChuoiInHoa.swift; sourceTree = "<group>"; };
		B4E79FAC29FEAA0A007B76B1 /* B1.9.LocSoNguyenTrongMang.swift */ = {isa = PBXFileReference; lastKnownFileType = sourcecode.swift; path = B1.9.LocSoNguyenTrongMang.swift; sourceTree = "<group>"; };
		B4E79FAE29FED05A007B76B1 /* B1.10.BoiSoCua3Va5.swift */ = {isa = PBXFileReference; lastKnownFileType = sourcecode.swift; path = B1.10.BoiSoCua3Va5.swift; sourceTree = "<group>"; };
		B4E79FDB2A04039F007B76B1 /* B2.1.DemSoLanXuatHien.swift */ = {isa = PBXFileReference; lastKnownFileType = sourcecode.swift; path = B2.1.DemSoLanXuatHien.swift; sourceTree = "<group>"; };
		B4E79FDE2A04040A007B76B1 /* B2.2.DemSoLanXuatHienChuoi.swift */ = {isa = PBXFileReference; lastKnownFileType = sourcecode.swift; path = B2.2.DemSoLanXuatHienChuoi.swift; sourceTree = "<group>"; };
		B4E79FE02A040439007B76B1 /* B2.3.TongCapSo.swift */ = {isa = PBXFileReference; lastKnownFileType = sourcecode.swift; path = B2.3.TongCapSo.swift; sourceTree = "<group>"; };
		B4E79FE22A04068E007B76B1 /* B2.4.ChuyenSoThanhChu.swift */ = {isa = PBXFileReference; lastKnownFileType = sourcecode.swift; path = B2.4.ChuyenSoThanhChu.swift; sourceTree = "<group>"; };
/* End PBXFileReference section */

/* Begin PBXFrameworksBuildPhase section */
		B44BA20729F94AB300C59013 /* Frameworks */ = {
			isa = PBXFrameworksBuildPhase;
			buildActionMask = 2147483647;
			files = (
			);
			runOnlyForDeploymentPostprocessing = 0;
		};
/* End PBXFrameworksBuildPhase section */

/* Begin PBXGroup section */
		B44BA20129F94AB300C59013 = {
			isa = PBXGroup;
			children = (
				B44BA20C29F94AB300C59013 /* iExcercise06-Array */,
				B44BA20B29F94AB300C59013 /* Products */,
			);
			sourceTree = "<group>";
		};
		B44BA20B29F94AB300C59013 /* Products */ = {
			isa = PBXGroup;
			children = (
				B44BA20A29F94AB300C59013 /* iExcercise06-Array */,
			);
			name = Products;
			sourceTree = "<group>";
		};
		B44BA20C29F94AB300C59013 /* iExcercise06-Array */ = {
			isa = PBXGroup;
			children = (
				B44BA20D29F94AB300C59013 /* main.swift */,
				B4E79FDA2A040350007B76B1 /* ArrayExcercise */,
				B4E79FDD2A0403A9007B76B1 /* Dictionary */,
			);
			path = "iExcercise06-Array";
			sourceTree = "<group>";
		};
		B4E79FDA2A040350007B76B1 /* ArrayExcercise */ = {
			isa = PBXGroup;
			children = (
				B44BA21429F94AE400C59013 /* B1.1.TongSoLe.swift */,
				B44BA21629F94B8100C59013 /* B1.2.GiaTriLonNhatNhoNhat.swift */,
				B4B7B31529FC3168006B00B9 /* B1.3.TimChuoi.swift */,
				B4B7B31729FC34F4006B00B9 /* B1.4.TinhTong.swift */,
				B4E79FA429FE9E9B007B76B1 /* B1.5.TinhTrungBinhCong.swift */,
				B4E79FA629FEA4CC007B76B1 /* B1.6.CacSoChanLonHon10.swift */,
				B4E79FA829FEA75C007B76B1 /* B1.7.ChuoiDoDaiLonHon5.swift */,
				B4E79FAA29FEA8AF007B76B1 /* B1.8.ChuyenThanhChuoiInHoa.swift */,
				B4E79FAC29FEAA0A007B76B1 /* B1.9.LocSoNguyenTrongMang.swift */,
				B4E79FAE29FED05A007B76B1 /* B1.10.BoiSoCua3Va5.swift */,
			);
			path = ArrayExcercise;
			sourceTree = "<group>";
		};
		B4E79FDD2A0403A9007B76B1 /* Dictionary */ = {
			isa = PBXGroup;
			children = (
				B4E79FDB2A04039F007B76B1 /* B2.1.DemSoLanXuatHien.swift */,
				B4E79FDE2A04040A007B76B1 /* B2.2.DemSoLanXuatHienChuoi.swift */,
				B4E79FE02A040439007B76B1 /* B2.3.TongCapSo.swift */,
				B4E79FE22A04068E007B76B1 /* B2.4.ChuyenSoThanhChu.swift */,
			);
			path = Dictionary;
			sourceTree = "<group>";
		};
/* End PBXGroup section */

/* Begin PBXNativeTarget section */
		B44BA20929F94AB300C59013 /* iExcercise06-Array */ = {
			isa = PBXNativeTarget;
			buildConfigurationList = B44BA21129F94AB300C59013 /* Build configuration list for PBXNativeTarget "iExcercise06-Array" */;
			buildPhases = (
				B44BA20629F94AB300C59013 /* Sources */,
				B44BA20729F94AB300C59013 /* Frameworks */,
				B44BA20829F94AB300C59013 /* CopyFiles */,
			);
			buildRules = (
			);
			dependencies = (
			);
			name = "iExcercise06-Array";
			productName = "iExcercise06-Array";
			productReference = B44BA20A29F94AB300C59013 /* iExcercise06-Array */;
			productType = "com.apple.product-type.tool";
		};
/* End PBXNativeTarget section */

/* Begin PBXProject section */
		B44BA20229F94AB300C59013 /* Project object */ = {
			isa = PBXProject;
			attributes = {
				BuildIndependentTargetsInParallel = 1;
				LastSwiftUpdateCheck = 1410;
				LastUpgradeCheck = 1410;
				TargetAttributes = {
					B44BA20929F94AB300C59013 = {
						CreatedOnToolsVersion = 14.1;
					};
				};
			};
			buildConfigurationList = B44BA20529F94AB300C59013 /* Build configuration list for PBXProject "iExcercise06-Array" */;
			compatibilityVersion = "Xcode 14.0";
			developmentRegion = en;
			hasScannedForEncodings = 0;
			knownRegions = (
				en,
				Base,
			);
			mainGroup = B44BA20129F94AB300C59013;
			productRefGroup = B44BA20B29F94AB300C59013 /* Products */;
			projectDirPath = "";
			projectRoot = "";
			targets = (
				B44BA20929F94AB300C59013 /* iExcercise06-Array */,
			);
		};
/* End PBXProject section */

/* Begin PBXSourcesBuildPhase section */
		B44BA20629F94AB300C59013 /* Sources */ = {
			isa = PBXSourcesBuildPhase;
			buildActionMask = 2147483647;
			files = (
				B4E79FE12A040439007B76B1 /* B2.3.TongCapSo.swift in Sources */,
				B4E79FDF2A04040A007B76B1 /* B2.2.DemSoLanXuatHienChuoi.swift in Sources */,
				B4E79FAD29FEAA0A007B76B1 /* B1.9.LocSoNguyenTrongMang.swift in Sources */,
				B4E79FAB29FEA8AF007B76B1 /* B1.8.ChuyenThanhChuoiInHoa.swift in Sources */,
				B4E79FA929FEA75C007B76B1 /* B1.7.ChuoiDoDaiLonHon5.swift in Sources */,
				B4E79FAF29FED05A007B76B1 /* B1.10.BoiSoCua3Va5.swift in Sources */,
				B44BA21729F94B8100C59013 /* B1.2.GiaTriLonNhatNhoNhat.swift in Sources */,
				B4E79FE32A04068E007B76B1 /* B2.4.ChuyenSoThanhChu.swift in Sources */,
				B4B7B31629FC3168006B00B9 /* B1.3.TimChuoi.swift in Sources */,
				B4B7B31829FC34F4006B00B9 /* B1.4.TinhTong.swift in Sources */,
				B4E79FA529FE9E9B007B76B1 /* B1.5.TinhTrungBinhCong.swift in Sources */,
				B4E79FDC2A04039F007B76B1 /* B2.1.DemSoLanXuatHien.swift in Sources */,
				B44BA21529F94AE400C59013 /* B1.1.TongSoLe.swift in Sources */,
				B44BA20E29F94AB300C59013 /* main.swift in Sources */,
				B4E79FA729FEA4CC007B76B1 /* B1.6.CacSoChanLonHon10.swift in Sources */,
			);
			runOnlyForDeploymentPostprocessing = 0;
		};
/* End PBXSourcesBuildPhase section */

/* Begin XCBuildConfiguration section */
		B44BA20F29F94AB300C59013 /* Debug */ = {
			isa = XCBuildConfiguration;
			buildSettings = {
				ALWAYS_SEARCH_USER_PATHS = NO;
				CLANG_ANALYZER_NONNULL = YES;
				CLANG_ANALYZER_NUMBER_OBJECT_CONVERSION = YES_AGGRESSIVE;
				CLANG_CXX_LANGUAGE_STANDARD = "gnu++20";
				CLANG_ENABLE_MODULES = YES;
				CLANG_ENABLE_OBJC_ARC = YES;
				CLANG_ENABLE_OBJC_WEAK = YES;
				CLANG_WARN_BLOCK_CAPTURE_AUTORELEASING = YES;
				CLANG_WARN_BOOL_CONVERSION = YES;
				CLANG_WARN_COMMA = YES;
				CLANG_WARN_CONSTANT_CONVERSION = YES;
				CLANG_WARN_DEPRECATED_OBJC_IMPLEMENTATIONS = YES;
				CLANG_WARN_DIRECT_OBJC_ISA_USAGE = YES_ERROR;
				CLANG_WARN_DOCUMENTATION_COMMENTS = YES;
				CLANG_WARN_EMPTY_BODY = YES;
				CLANG_WARN_ENUM_CONVERSION = YES;
				CLANG_WARN_INFINITE_RECURSION = YES;
				CLANG_WARN_INT_CONVERSION = YES;
				CLANG_WARN_NON_LITERAL_NULL_CONVERSION = YES;
				CLANG_WARN_OBJC_IMPLICIT_RETAIN_SELF = YES;
				CLANG_WARN_OBJC_LITERAL_CONVERSION = YES;
				CLANG_WARN_OBJC_ROOT_CLASS = YES_ERROR;
				CLANG_WARN_QUOTED_INCLUDE_IN_FRAMEWORK_HEADER = YES;
				CLANG_WARN_RANGE_LOOP_ANALYSIS = YES;
				CLANG_WARN_STRICT_PROTOTYPES = YES;
				CLANG_WARN_SUSPICIOUS_MOVE = YES;
				CLANG_WARN_UNGUARDED_AVAILABILITY = YES_AGGRESSIVE;
				CLANG_WARN_UNREACHABLE_CODE = YES;
				CLANG_WARN__DUPLICATE_METHOD_MATCH = YES;
				COPY_PHASE_STRIP = NO;
				DEBUG_INFORMATION_FORMAT = dwarf;
				ENABLE_STRICT_OBJC_MSGSEND = YES;
				ENABLE_TESTABILITY = YES;
				GCC_C_LANGUAGE_STANDARD = gnu11;
				GCC_DYNAMIC_NO_PIC = NO;
				GCC_NO_COMMON_BLOCKS = YES;
				GCC_OPTIMIZATION_LEVEL = 0;
				GCC_PREPROCESSOR_DEFINITIONS = (
					"DEBUG=1",
					"$(inherited)",
				);
				GCC_WARN_64_TO_32_BIT_CONVERSION = YES;
				GCC_WARN_ABOUT_RETURN_TYPE = YES_ERROR;
				GCC_WARN_UNDECLARED_SELECTOR = YES;
				GCC_WARN_UNINITIALIZED_AUTOS = YES_AGGRESSIVE;
				GCC_WARN_UNUSED_FUNCTION = YES;
				GCC_WARN_UNUSED_VARIABLE = YES;
				MACOSX_DEPLOYMENT_TARGET = 12.5;
				MTL_ENABLE_DEBUG_INFO = INCLUDE_SOURCE;
				MTL_FAST_MATH = YES;
				ONLY_ACTIVE_ARCH = YES;
				SDKROOT = macosx;
				SWIFT_ACTIVE_COMPILATION_CONDITIONS = DEBUG;
				SWIFT_OPTIMIZATION_LEVEL = "-Onone";
			};
			name = Debug;
		};
		B44BA21029F94AB300C59013 /* Release */ = {
			isa = XCBuildConfiguration;
			buildSettings = {
				ALWAYS_SEARCH_USER_PATHS = NO;
				CLANG_ANALYZER_NONNULL = YES;
				CLANG_ANALYZER_NUMBER_OBJECT_CONVERSION = YES_AGGRESSIVE;
				CLANG_CXX_LANGUAGE_STANDARD = "gnu++20";
				CLANG_ENABLE_MODULES = YES;
				CLANG_ENABLE_OBJC_ARC = YES;
				CLANG_ENABLE_OBJC_WEAK = YES;
				CLANG_WARN_BLOCK_CAPTURE_AUTORELEASING = YES;
				CLANG_WARN_BOOL_CONVERSION = YES;
				CLANG_WARN_COMMA = YES;
				CLANG_WARN_CONSTANT_CONVERSION = YES;
				CLANG_WARN_DEPRECATED_OBJC_IMPLEMENTATIONS = YES;
				CLANG_WARN_DIRECT_OBJC_ISA_USAGE = YES_ERROR;
				CLANG_WARN_DOCUMENTATION_COMMENTS = YES;
				CLANG_WARN_EMPTY_BODY = YES;
				CLANG_WARN_ENUM_CONVERSION = YES;
				CLANG_WARN_INFINITE_RECURSION = YES;
				CLANG_WARN_INT_CONVERSION = YES;
				CLANG_WARN_NON_LITERAL_NULL_CONVERSION = YES;
				CLANG_WARN_OBJC_IMPLICIT_RETAIN_SELF = YES;
				CLANG_WARN_OBJC_LITERAL_CONVERSION = YES;
				CLANG_WARN_OBJC_ROOT_CLASS = YES_ERROR;
				CLANG_WARN_QUOTED_INCLUDE_IN_FRAMEWORK_HEADER = YES;
				CLANG_WARN_RANGE_LOOP_ANALYSIS = YES;
				CLANG_WARN_STRICT_PROTOTYPES = YES;
				CLANG_WARN_SUSPICIOUS_MOVE = YES;
				CLANG_WARN_UNGUARDED_AVAILABILITY = YES_AGGRESSIVE;
				CLANG_WARN_UNREACHABLE_CODE = YES;
				CLANG_WARN__DUPLICATE_METHOD_MATCH = YES;
				COPY_PHASE_STRIP = NO;
				DEBUG_INFORMATION_FORMAT = "dwarf-with-dsym";
				ENABLE_NS_ASSERTIONS = NO;
				ENABLE_STRICT_OBJC_MSGSEND = YES;
				GCC_C_LANGUAGE_STANDARD = gnu11;
				GCC_NO_COMMON_BLOCKS = YES;
				GCC_WARN_64_TO_32_BIT_CONVERSION = YES;
				GCC_WARN_ABOUT_RETURN_TYPE = YES_ERROR;
				GCC_WARN_UNDECLARED_SELECTOR = YES;
				GCC_WARN_UNINITIALIZED_AUTOS = YES_AGGRESSIVE;
				GCC_WARN_UNUSED_FUNCTION = YES;
				GCC_WARN_UNUSED_VARIABLE = YES;
				MACOSX_DEPLOYMENT_TARGET = 12.5;
				MTL_ENABLE_DEBUG_INFO = NO;
				MTL_FAST_MATH = YES;
				SDKROOT = macosx;
				SWIFT_COMPILATION_MODE = wholemodule;
				SWIFT_OPTIMIZATION_LEVEL = "-O";
			};
			name = Release;
		};
		B44BA21229F94AB300C59013 /* Debug */ = {
			isa = XCBuildConfiguration;
			buildSettings = {
				CODE_SIGN_STYLE = Automatic;
				DEVELOPMENT_TEAM = 42823CRJW7;
				ENABLE_HARDENED_RUNTIME = YES;
				PRODUCT_NAME = "$(TARGET_NAME)";
				SWIFT_VERSION = 5.0;
			};
			name = Debug;
		};
		B44BA21329F94AB300C59013 /* Release */ = {
			isa = XCBuildConfiguration;
			buildSettings = {
				CODE_SIGN_STYLE = Automatic;
				DEVELOPMENT_TEAM = 42823CRJW7;
				ENABLE_HARDENED_RUNTIME = YES;
				PRODUCT_NAME = "$(TARGET_NAME)";
				SWIFT_VERSION = 5.0;
			};
			name = Release;
		};
/* End XCBuildConfiguration section */

/* Begin XCConfigurationList section */
		B44BA20529F94AB300C59013 /* Build configuration list for PBXProject "iExcercise06-Array" */ = {
			isa = XCConfigurationList;
			buildConfigurations = (
				B44BA20F29F94AB300C59013 /* Debug */,
				B44BA21029F94AB300C59013 /* Release */,
			);
			defaultConfigurationIsVisible = 0;
			defaultConfigurationName = Release;
		};
		B44BA21129F94AB300C59013 /* Build configuration list for PBXNativeTarget "iExcercise06-Array" */ = {
			isa = XCConfigurationList;
			buildConfigurations = (
				B44BA21229F94AB300C59013 /* Debug */,
				B44BA21329F94AB300C59013 /* Release */,
			);
			defaultConfigurationIsVisible = 0;
			defaultConfigurationName = Release;
		};
/* End XCConfigurationList section */
	};
	rootObject = B44BA20229F94AB300C59013 /* Project object */;
}
